{
  "name": "test-app",
  "lockfileVersion": 3,
  "requires": true,
  "packages": {
    "": {
      "name": "test-app",
      "dependencies": {
        "@vesk/native": "file:../tarballs/vesk-native-0.1.0.tgz",
        "@vesk/native-cli": "file:../tarballs/vesk-native-cli-0.1.0.tgz",
        "@vesk/native-compiler": "file:../tarballs/vesk-native-compiler-0.1.0.tgz",
        "@vesk/runtime": "file:../tarballs/vesk-runtime-0.1.9.tgz"
      }
    },
    "node_modules/@jridgewell/sourcemap-codec": {
      "version": "1.5.5",
      "resolved": "https://registry.npmjs.org/@jridgewell/sourcemap-codec/-/sourcemap-codec-1.5.5.tgz",
      "integrity": "sha512-cYQ9310grqxueWbl+WuIUIaiUaDcj7WOq5fVhEljNVgRfOUhY9fy2zTvfoqWsnebh8Sl70VScFbICvJnLKB0Og==",
      "license": "MIT"
    },
    "node_modules/@sveltejs/acorn-typescript": {
      "version": "1.0.13",
      "resolved": "https://registry.npmjs.org/@sveltejs/acorn-typescript/-/acorn-typescript-1.0.13.tgz",
      "integrity": "sha512-wgKggnhZVL9Bfx1OaKKTrYY9BFRk6C8UAkQNUcIv1+llzYrIqy+RZm5HPKzn0NpEBvTVhTqB4kQyllZywsRBRQ==",
      "license": "MIT",
      "peerDependencies": {
        "acorn": "^8.9.0"
      }
    },
    "node_modules/@types/estree": {
      "version": "1.0.9",
      "resolved": "https://registry.npmjs.org/@types/estree/-/estree-1.0.9.tgz",
      "integrity": "sha512-GhdPgy1el4/ImP05X05Uw4cw2/M93BCUmnEvWZNStlCzEKME4Fkk+YpoA5OiHNQmoS7Cafb8Xa3Pya8m1Qrzeg==",
      "license": "MIT"
    },
    "node_modules/@vesk/compiler": {
      "version": "0.1.1",
      "resolved": "https://registry.npmjs.org/@vesk/compiler/-/compiler-0.1.1.tgz",
      "integrity": "sha512-GUq72UNUHZb0JUCu8y9Kq6YUyefxlFWUKsFeE24oD2Q2SQLTx+KoLe35QE16Ijppcvm+qZHE7CvlIeqAv52wLw==",
      "license": "MIT",
      "dependencies": {
        "@sveltejs/acorn-typescript": "^1.0.0",
        "acorn": "^8.15.0",
        "esrap": "^2.3.0",
        "is-reference": "^3.0.0",
        "source-map": "^0.7.4",
        "zimmerframe": "^1.1.0"
      },
      "engines": {
        "node": ">=20.0.0"
      }
    },
    "node_modules/@vesk/native": {
      "version": "0.1.0",
      "resolved": "file:../tarballs/vesk-native-0.1.0.tgz",
      "integrity": "sha512-ZpoZz5pYNfJCNMjCBvZ5YRBT2pI2dtD+CXinfWnoz+fJctXFpyKCZx/e1SxoJlJNq8xsrY59fEzVxTE23MFIvg=="
    },
    "node_modules/@vesk/native-cli": {
      "version": "0.1.0",
      "resolved": "file:../tarballs/vesk-native-cli-0.1.0.tgz",
      "integrity": "sha512-Or1T/gedH7DtTVOiL/twnPnlb8/d4r4HSl+CKlfsMh9vHrAK+UITiJMEEXP2sPLSsTcriGGR77AzrflGhwu+fQ==",
      "bin": {
        "vesk-native": "dist/index.js"
      }
    },
    "node_modules/@vesk/native-compiler": {
      "version": "0.1.0",
      "resolved": "file:../tarballs/vesk-native-compiler-0.1.0.tgz",
      "integrity": "sha512-q+KFrtuRWIgeXg2x2zVqji+NuswY077z8Fj53jwGORr6t6feg2C7/4VZa1h5m8wodl18UVqRPdACRLv7VRykXg=="
    },
    "node_modules/@vesk/runtime": {
      "version": "0.1.9",
      "resolved": "file:../tarballs/vesk-runtime-0.1.9.tgz",
      "integrity": "sha512-WGiMwhj1ekc1T8eD5gwnFttQgNntMRV8sR7eYqPbW5C/2X52s28HtDV94FGfjd15ONJusC7l1xS7+lKJd1SpeA==",
      "license": "MIT",
      "dependencies": {
        "@vesk/compiler": "^0.1.0"
      },
      "engines": {
        "node": ">=20.0.0"
      }
    },
    "node_modules/acorn": {
      "version": "8.18.0",
      "resolved": "https://registry.npmjs.org/acorn/-/acorn-8.18.0.tgz",
      "integrity": "sha512-lGq+9yr1/GuAWaVYIHRjvvySG5/4VfKIvC8EWxStPdcDh/Ka7FG3twP6v4d5BkravUilhIAsG4Qj83t02LWUPQ==",
      "license": "MIT",
      "bin": {
        "acorn": "bin/acorn"
      },
      "engines": {
        "node": ">=0.4.0"
      }
    },
    "node_modules/esrap": {
      "version": "2.3.5",
      "resolved": "https://registry.npmjs.org/esrap/-/esrap-2.3.5.tgz",
      "integrity": "sha512-KciPkeZZX8srrh6xELzLR2cBaWOzgBQ4CwggO6Dh/KMlrfOcIcfyXCVy/Vvc3/OlS5gvFOd5tcxUYuaGM8o45A==",
      "license": "MIT",
      "dependencies": {
        "@jridgewell/sourcemap-codec": "^1.4.15"
      },
      "peerDependencies": {
        "@typescript-eslint/types": "^8.2.0"
      },
      "peerDependenciesMeta": {
        "@typescript-eslint/types": {
          "optional": true
        }
      }
    },
    "node_modules/is-reference": {
      "version": "3.0.3",
      "resolved": "https://registry.npmjs.org/is-reference/-/is-reference-3.0.3.tgz",
      "integrity": "sha512-ixkJoqQvAP88E6wLydLGGqCJsrFUnqoH6HnaczB8XmDH1oaWU+xxdptvikTgaEhtZ53Ky6YXiBuUI2WXLMCwjw==",
      "license": "MIT",
      "dependencies": {
        "@types/estree": "^1.0.6"
      }
    },
    "node_modules/source-map": {
      "version": "0.7.6",
      "resolved": "https://registry.npmjs.org/source-map/-/source-map-0.7.6.tgz",
      "integrity": "sha512-i5uvt8C3ikiWeNZSVZNWcfZPItFQOsYTUAOkcUPGd8DqDy1uOUikjt5dG+uRlwyvR108Fb9DOd4GvXfT0N2/uQ==",
      "license": "BSD-3-Clause",
      "engines": {
        "node": ">= 12"
      }
    },
    "node_modules/zimmerframe": {
      "version": "1.1.4",
      "resolved": "https://registry.npmjs.org/zimmerframe/-/zimmerframe-1.1.4.tgz",
      "integrity": "sha512-B58NGBEoc8Y9MWWCQGl/gq9xBCe4IiKM0a2x7GZdQKOW5Exr8S1W24J6OgM1njK8xCRGvAJIL/MxXHf6SkmQKQ==",
      "license": "MIT"
    }
  }
}
