{
  "name": "test-app",
  "lockfileVersion": 3,
  "requires": true,
  "packages": {
    "": {
      "name": "test-app",
      "dependencies": {
        "@vesk/native": "file:../tarballs/vesk-native-0.1.0.tgz",
        "@vesk/native-cli": "file:../tarballs/vesk-native-cli-0.1.0.tgz",
        "@vesk/native-compiler": "file:../tarballs/vesk-native-compiler-0.1.0.tgz"
      }
    },
    "node_modules/@vesk/native": {
      "version": "0.1.0",
      "resolved": "file:../tarballs/vesk-native-0.1.0.tgz",
      "integrity": "sha512-ZpoZz5pYNfJCNMjCBvZ5YRBT2pI2dtD+CXinfWnoz+fJctXFpyKCZx/e1SxoJlJNq8xsrY59fEzVxTE23MFIvg=="
    },
    "node_modules/@vesk/native-cli": {
      "version": "0.1.0",
      "resolved": "file:../tarballs/vesk-native-cli-0.1.0.tgz",
      "integrity": "sha512-Or1T/gedH7DtTVOiL/twnPnlb8/d4r4HSl+CKlfsMh9vHrAK+UITiJMEEXP2sPLSsTcriGGR77AzrflGhwu+fQ==",
      "bin": {
        "vesk-native": "dist/index.js"
      }
    },
    "node_modules/@vesk/native-compiler": {
      "version": "0.1.0",
      "resolved": "file:../tarballs/vesk-native-compiler-0.1.0.tgz",
      "integrity": "sha512-q+KFrtuRWIgeXg2x2zVqji+NuswY077z8Fj53jwGORr6t6feg2C7/4VZa1h5m8wodl18UVqRPdACRLv7VRykXg=="
    }
  }
}
